
Microsoft Visual Studio Solution File, Format Version 12.00
# Visual Studio 2013
VisualStudioVersion = 12.0.30110.0
MinimumVisualStudioVersion = 10.0.40219.1
Project("{8BC9CEB8-8B4A-11D0-8D11-00A0C91BC942}") = "算法练习", "算法练习\算法练习.vcxproj", "{BA836147-DDCF-4EB2-BDD2-D2885912ED09}"
EndProject
Project("{8BC9CEB8-8B4A-11D0-8D11-00A0C91BC942}") = "牛客算法", "牛客算法\牛客算法.vcxproj", "{9792EAD2-14F1-4E30-9D08-25D6780703F1}"
EndProject
Global
	GlobalSection(SolutionConfigurationPlatforms) = preSolution
		Debug|Win32 = Debug|Win32
		Release|Win32 = Release|Win32
	EndGlobalSection
	GlobalSection(ProjectConfigurationPlatforms) = postSolution
		{BA836147-DDCF-4EB2-BDD2-D2885912ED09}.Debug|Win32.ActiveCfg = Debug|Win32
		{BA836147-DDCF-4EB2-BDD2-D2885912ED09}.Debug|Win32.Build.0 = Debug|Win32
		{BA836147-DDCF-4EB2-BDD2-D2885912ED09}.Release|Win32.ActiveCfg = Release|Win32
		{BA836147-DDCF-4EB2-BDD2-D2885912ED09}.Release|Win32.Build.0 = Release|Win32
		{9792EAD2-14F1-4E30-9D08-25D6780703F1}.Debug|Win32.ActiveCfg = Debug|Win32
		{9792EAD2-14F1-4E30-9D08-25D6780703F1}.Debug|Win32.Build.0 = Debug|Win32
		{9792EAD2-14F1-4E30-9D08-25D6780703F1}.Release|Win32.ActiveCfg = Release|Win32
		{9792EAD2-14F1-4E30-9D08-25D6780703F1}.Release|Win32.Build.0 = Release|Win32
	EndGlobalSection
	GlobalSection(SolutionProperties) = preSolution
		HideSolutionNode = FALSE
	EndGlobalSection
EndGlobal
